
Microsoft Visual Studio Solution File, Format Version 12.00
# Visual Studio 2012
Project("{FAE04EC0-301F-11D3-BF4B-00C04F79EFBC}") = "CK2EditorGUI", "CK2EditorGUI\CK2EditorGUI.csproj", "{00A57A03-0BB8-4D4F-8213-AA5C8A53ADAE}"
EndProject
Project("{FAE04EC0-301F-11D3-BF4B-00C04F79EFBC}") = "CK2Editor", "CK2Editor\CK2Editor.csproj", "{ED5E46A2-3623-459C-AD12-E6273619A28B}"
EndProject
Project("{FAE04EC0-301F-11D3-BF4B-00C04F79EFBC}") = "Tests", "Tests\Tests.csproj", "{FE41809C-DDEC-48C3-91AA-ADF1D79C34A0}"
EndProject
Project("{2150E333-8FDC-42A3-9474-1A3956D46DE8}") = "Solution Items", "Solution Items", "{8A40FF5F-F7B7-47BB-A277-5DC3EFBCA3B9}"
	ProjectSection(SolutionItems) = preProject
		Performance1.psess = Performance1.psess
		Performance2.psess = Performance2.psess
	EndProjectSection
EndProject
Project("{FAE04EC0-301F-11D3-BF4B-00C04F79EFBC}") = "Aga.Controls", "Aga.Controls\Aga.Controls.csproj", "{E73BB233-D88B-44A7-A98F-D71EE158381D}"
EndProject
Global
	GlobalSection(SolutionConfigurationPlatforms) = preSolution
		Debug|Any CPU = Debug|Any CPU
		Release|Any CPU = Release|Any CPU
	EndGlobalSection
	GlobalSection(ProjectConfigurationPlatforms) = postSolution
		{00A57A03-0BB8-4D4F-8213-AA5C8A53ADAE}.Debug|Any CPU.ActiveCfg = Debug|Any CPU
		{00A57A03-0BB8-4D4F-8213-AA5C8A53ADAE}.Debug|Any CPU.Build.0 = Debug|Any CPU
		{00A57A03-0BB8-4D4F-8213-AA5C8A53ADAE}.Release|Any CPU.ActiveCfg = Release|Any CPU
		{00A57A03-0BB8-4D4F-8213-AA5C8A53ADAE}.Release|Any CPU.Build.0 = Release|Any CPU
		{ED5E46A2-3623-459C-AD12-E6273619A28B}.Debug|Any CPU.ActiveCfg = Debug|Any CPU
		{ED5E46A2-3623-459C-AD12-E6273619A28B}.Debug|Any CPU.Build.0 = Debug|Any CPU
		{ED5E46A2-3623-459C-AD12-E6273619A28B}.Release|Any CPU.ActiveCfg = Release|Any CPU
		{ED5E46A2-3623-459C-AD12-E6273619A28B}.Release|Any CPU.Build.0 = Release|Any CPU
		{FE41809C-DDEC-48C3-91AA-ADF1D79C34A0}.Debug|Any CPU.ActiveCfg = Debug|Any CPU
		{FE41809C-DDEC-48C3-91AA-ADF1D79C34A0}.Debug|Any CPU.Build.0 = Debug|Any CPU
		{FE41809C-DDEC-48C3-91AA-ADF1D79C34A0}.Debug|Any CPU.Deploy.0 = Debug|Any CPU
		{FE41809C-DDEC-48C3-91AA-ADF1D79C34A0}.Release|Any CPU.ActiveCfg = Release|Any CPU
		{FE41809C-DDEC-48C3-91AA-ADF1D79C34A0}.Release|Any CPU.Build.0 = Release|Any CPU
		{E73BB233-D88B-44A7-A98F-D71EE158381D}.Debug|Any CPU.ActiveCfg = Debug|Any CPU
		{E73BB233-D88B-44A7-A98F-D71EE158381D}.Debug|Any CPU.Build.0 = Debug|Any CPU
		{E73BB233-D88B-44A7-A98F-D71EE158381D}.Release|Any CPU.ActiveCfg = Release|Any CPU
		{E73BB233-D88B-44A7-A98F-D71EE158381D}.Release|Any CPU.Build.0 = Release|Any CPU
	EndGlobalSection
	GlobalSection(SolutionProperties) = preSolution
		HideSolutionNode = FALSE
	EndGlobalSection
	GlobalSection(Performance) = preSolution
		HasPerformanceSessions = true
	EndGlobalSection
EndGlobal
